// !$*UTF8*$!
{
	archiveVersion = 1;
	classes = {
	};
	objectVersion = 51;
	objects = {

/* Begin PBXBuildFile section */
		390EBE63EF9F0CE79FD15D84 /* Pods_QQMusic.framework in Frameworks */ = {isa = PBXBuildFile; fileRef = 2CCA1F6D6B3251A1C41530AC /* Pods_QQMusic.framework */; };
		6A14C5A822EAA2BC006EF89F /* AppDelegate.swift in Sources */ = {isa = PBXBuildFile; fileRef = 6A14C5A722EAA2BC006EF89F /* AppDelegate.swift */; };
		6A14C5BA22EAB090006EF89F /* Assets.xcassets in Resources */ = {isa = PBXBuildFile; fileRef = 6A14C5B922EAB090006EF89F /* Assets.xcassets */; };
		6A14C5BF22EAF076006EF89F /* MZCircleProgress.swift in Sources */ = {isa = PBXBuildFile; fileRef = 6A14C5BD22EAF076006EF89F /* MZCircleProgress.swift */; };
		6A14C5C022EAF076006EF89F /* MZNavigationController.swift in Sources */ = {isa = PBXBuildFile; fileRef = 6A14C5BE22EAF076006EF89F /* MZNavigationController.swift */; };
		6A14C5C222EAF089006EF89F /* MZMarqueeLabel.swift in Sources */ = {isa = PBXBuildFile; fileRef = 6A14C5C122EAF088006EF89F /* MZMarqueeLabel.swift */; };
		6A14C5C422EAF0A4006EF89F /* Reachability.swift in Sources */ = {isa = PBXBuildFile; fileRef = 6A14C5C322EAF0A4006EF89F /* Reachability.swift */; };
		6A14C5C622EAF36A006EF89F /* MBProgressHUD+Extension.swift in Sources */ = {isa = PBXBuildFile; fileRef = 6A14C5C522EAF36A006EF89F /* MBProgressHUD+Extension.swift */; };
		6A14C6D022EAF462006EF89F /* MusicLyricVC.swift in Sources */ = {isa = PBXBuildFile; fileRef = 6A14C6CA22EAF462006EF89F /* MusicLyricVC.swift */; };
		6A14C6D122EAF462006EF89F /* MusicPlayerVC.swift in Sources */ = {isa = PBXBuildFile; fileRef = 6A14C6CB22EAF462006EF89F /* MusicPlayerVC.swift */; };
		6A14C6D222EAF462006EF89F /* MusicTabbarController.swift in Sources */ = {isa = PBXBuildFile; fileRef = 6A14C6CC22EAF462006EF89F /* MusicTabbarController.swift */; };
		6A14C6D322EAF462006EF89F /* MusicDownloadVC.swift in Sources */ = {isa = PBXBuildFile; fileRef = 6A14C6CD22EAF462006EF89F /* MusicDownloadVC.swift */; };
		6A14C6D422EAF462006EF89F /* MusicTop100VC.swift in Sources */ = {isa = PBXBuildFile; fileRef = 6A14C6CE22EAF462006EF89F /* MusicTop100VC.swift */; };
		6A14C6DA22EAF495006EF89F /* MZDownloadManager.swift in Sources */ = {isa = PBXBuildFile; fileRef = 6A14C6D622EAF495006EF89F /* MZDownloadManager.swift */; };
		6A14C6DB22EAF495006EF89F /* MusicDatabaseManager.swift in Sources */ = {isa = PBXBuildFile; fileRef = 6A14C6D722EAF495006EF89F /* MusicDatabaseManager.swift */; };
		6A14C6DC22EAF495006EF89F /* MZMusicPlayerManager.swift in Sources */ = {isa = PBXBuildFile; fileRef = 6A14C6D822EAF495006EF89F /* MZMusicPlayerManager.swift */; };
		6A14C6DD22EAF495006EF89F /* MZMusicAPIRequest.swift in Sources */ = {isa = PBXBuildFile; fileRef = 6A14C6D922EAF495006EF89F /* MZMusicAPIRequest.swift */; };
		6A14C6E522EAF4BB006EF89F /* MusicDownloadCell.swift in Sources */ = {isa = PBXBuildFile; fileRef = 6A14C6E022EAF4BB006EF89F /* MusicDownloadCell.swift */; };
		6A14C6E622EAF4BB006EF89F /* MusicSubListCell.swift in Sources */ = {isa = PBXBuildFile; fileRef = 6A14C6E122EAF4BB006EF89F /* MusicSubListCell.swift */; };
		6A14C6E722EAF4BB006EF89F /* MusicCategoryCell.swift in Sources */ = {isa = PBXBuildFile; fileRef = 6A14C6E222EAF4BB006EF89F /* MusicCategoryCell.swift */; };
		6A14C6E822EAF4BB006EF89F /* MusicLyricCell.swift in Sources */ = {isa = PBXBuildFile; fileRef = 6A14C6E322EAF4BB006EF89F /* MusicLyricCell.swift */; };
		6A14C6E922EAF4BB006EF89F /* NetworkMusicListCell.swift in Sources */ = {isa = PBXBuildFile; fileRef = 6A14C6E422EAF4BB006EF89F /* NetworkMusicListCell.swift */; };
		6A14C6EB22EAF4CE006EF89F /* MusicItem.swift in Sources */ = {isa = PBXBuildFile; fileRef = 6A14C6EA22EAF4CE006EF89F /* MusicItem.swift */; };
		6A14C6ED22EAF5E5006EF89F /* libsqlite3.tbd in Frameworks */ = {isa = PBXBuildFile; fileRef = 6A14C6EC22EAF5E5006EF89F /* libsqlite3.tbd */; };
		6A14C6EF22EAF5EB006EF89F /* ImageIO.framework in Frameworks */ = {isa = PBXBuildFile; fileRef = 6A14C6EE22EAF5EB006EF89F /* ImageIO.framework */; };
		6A14C6F122EAF5F4006EF89F /* CoreMotion.framework in Frameworks */ = {isa = PBXBuildFile; fileRef = 6A14C6F022EAF5F4006EF89F /* CoreMotion.framework */; };
		6A14C6F322EAF77D006EF89F /* MZBase.swift in Sources */ = {isa = PBXBuildFile; fileRef = 6A14C6F222EAF77D006EF89F /* MZBase.swift */; };
		6A8A35CA22F6EFF000CDFDB6 /* MusicMainVC.swift in Sources */ = {isa = PBXBuildFile; fileRef = 6A8A35C922F6EFF000CDFDB6 /* MusicMainVC.swift */; };
		6A8A35CC23024E8800CDFDB6 /* BannerItem.swift in Sources */ = {isa = PBXBuildFile; fileRef = 6A8A35CB23024E8800CDFDB6 /* BannerItem.swift */; };
		6A8A35CE230262A000CDFDB6 /* MusicWebVC.swift in Sources */ = {isa = PBXBuildFile; fileRef = 6A8A35CD230262A000CDFDB6 /* MusicWebVC.swift */; };
		6A8A35D02302AB8A00CDFDB6 /* MusicHomePageCell.swift in Sources */ = {isa = PBXBuildFile; fileRef = 6A8A35CF2302AB8A00CDFDB6 /* MusicHomePageCell.swift */; };
		6A8A35D2230393F700CDFDB6 /* SongListItem.swift in Sources */ = {isa = PBXBuildFile; fileRef = 6A8A35D1230393F700CDFDB6 /* SongListItem.swift */; };
		6A8A35D42303A11700CDFDB6 /* MVItem.swift in Sources */ = {isa = PBXBuildFile; fileRef = 6A8A35D32303A11700CDFDB6 /* MVItem.swift */; };
		6A8A35D62303AF3500CDFDB6 /* MusicSongListVC.swift in Sources */ = {isa = PBXBuildFile; fileRef = 6A8A35D52303AF3500CDFDB6 /* MusicSongListVC.swift */; };
		6A8A35DA2303FA4A00CDFDB6 /* SongListDetail.swift in Sources */ = {isa = PBXBuildFile; fileRef = 6A8A35D92303FA4A00CDFDB6 /* SongListDetail.swift */; };
		6ADF3A322304E789002E9FC1 /* MusicSongListIntroduceVC.swift in Sources */ = {isa = PBXBuildFile; fileRef = 6ADF3A312304E789002E9FC1 /* MusicSongListIntroduceVC.swift */; };
		6ADF3A342304FA57002E9FC1 /* MusicListCell.swift in Sources */ = {isa = PBXBuildFile; fileRef = 6ADF3A332304FA57002E9FC1 /* MusicListCell.swift */; };
		6ADF3A3623064B5D002E9FC1 /* MusicRankingCategoryVC.swift in Sources */ = {isa = PBXBuildFile; fileRef = 6ADF3A3523064B5C002E9FC1 /* MusicRankingCategoryVC.swift */; };
		6ADF3A3823064C76002E9FC1 /* MusicRankingCategoryTopCell.swift in Sources */ = {isa = PBXBuildFile; fileRef = 6ADF3A3723064C76002E9FC1 /* MusicRankingCategoryTopCell.swift */; };
		6ADF3A3A23065D42002E9FC1 /* MusicRankingCategoryOtherCell.swift in Sources */ = {isa = PBXBuildFile; fileRef = 6ADF3A3923065D42002E9FC1 /* MusicRankingCategoryOtherCell.swift */; };
		6ADF3A3C230684D2002E9FC1 /* MusicRankingListVC.swift in Sources */ = {isa = PBXBuildFile; fileRef = 6ADF3A3B230684D2002E9FC1 /* MusicRankingListVC.swift */; };
		6ADF3A3E2306A8C5002E9FC1 /* MusicSongListCategoryVC.swift in Sources */ = {isa = PBXBuildFile; fileRef = 6ADF3A3D2306A8C5002E9FC1 /* MusicSongListCategoryVC.swift */; };
		6ADF3A402306A992002E9FC1 /* MusicSongListCategoryCell.swift in Sources */ = {isa = PBXBuildFile; fileRef = 6ADF3A3F2306A992002E9FC1 /* MusicSongListCategoryCell.swift */; };
		6ADF3A422306ABC3002E9FC1 /* SongListCategoryGroupItem.swift in Sources */ = {isa = PBXBuildFile; fileRef = 6ADF3A412306ABC3002E9FC1 /* SongListCategoryGroupItem.swift */; };
		6ADF3A4423078D42002E9FC1 /* MusicSongListCategoryHeader.swift in Sources */ = {isa = PBXBuildFile; fileRef = 6ADF3A4323078D42002E9FC1 /* MusicSongListCategoryHeader.swift */; };
		6ADF3A46230799DE002E9FC1 /* MusicSongListListVC.swift in Sources */ = {isa = PBXBuildFile; fileRef = 6ADF3A45230799DE002E9FC1 /* MusicSongListListVC.swift */; };
		6ADF3A4823079A40002E9FC1 /* MusicSongListListCell.swift in Sources */ = {isa = PBXBuildFile; fileRef = 6ADF3A4723079A40002E9FC1 /* MusicSongListListCell.swift */; };
		6ADF3A4A2307A3FD002E9FC1 /* String+Extension.swift in Sources */ = {isa = PBXBuildFile; fileRef = 6ADF3A492307A3FD002E9FC1 /* String+Extension.swift */; };
		6ADF3A4C2307B2BE002E9FC1 /* MusicMVListVC.swift in Sources */ = {isa = PBXBuildFile; fileRef = 6ADF3A4B2307B2BE002E9FC1 /* MusicMVListVC.swift */; };
		6ADF3A4E2307DA2C002E9FC1 /* MusicMVListCell.swift in Sources */ = {isa = PBXBuildFile; fileRef = 6ADF3A4D2307DA2C002E9FC1 /* MusicMVListCell.swift */; };
		6ADF3A502307E72E002E9FC1 /* MusicMVDetailVC.swift in Sources */ = {isa = PBXBuildFile; fileRef = 6ADF3A4F2307E72E002E9FC1 /* MusicMVDetailVC.swift */; };
		6ADF3A54230A9006002E9FC1 /* MVDetail.swift in Sources */ = {isa = PBXBuildFile; fileRef = 6ADF3A53230A9006002E9FC1 /* MVDetail.swift */; };
		6ADF3A58230B93AD002E9FC1 /* AlbumDetail.swift in Sources */ = {isa = PBXBuildFile; fileRef = 6ADF3A57230B93AD002E9FC1 /* AlbumDetail.swift */; };
		6ADF3A5A230B99C7002E9FC1 /* MusicAlbumDetailVC.swift in Sources */ = {isa = PBXBuildFile; fileRef = 6ADF3A59230B99C7002E9FC1 /* MusicAlbumDetailVC.swift */; };
		6ADF3A5C230BC656002E9FC1 /* MusicAlbumDetailIntroduceVC.swift in Sources */ = {isa = PBXBuildFile; fileRef = 6ADF3A5B230BC656002E9FC1 /* MusicAlbumDetailIntroduceVC.swift */; };
		6ADF3A5E230CD20B002E9FC1 /* MusicSingerListVC.swift in Sources */ = {isa = PBXBuildFile; fileRef = 6ADF3A5D230CD20B002E9FC1 /* MusicSingerListVC.swift */; };
		6ADF3A60230CD3A3002E9FC1 /* SingerCategory.swift in Sources */ = {isa = PBXBuildFile; fileRef = 6ADF3A5F230CD3A3002E9FC1 /* SingerCategory.swift */; };
		6ADF3A62230CE03C002E9FC1 /* MusicSingerListCell.swift in Sources */ = {isa = PBXBuildFile; fileRef = 6ADF3A61230CE03C002E9FC1 /* MusicSingerListCell.swift */; };
		6ADF3A64230CE060002E9FC1 /* MusicSingerCategoryCell.swift in Sources */ = {isa = PBXBuildFile; fileRef = 6ADF3A63230CE060002E9FC1 /* MusicSingerCategoryCell.swift */; };
		6ADF3A66230CE52B002E9FC1 /* ArtistItem.swift in Sources */ = {isa = PBXBuildFile; fileRef = 6ADF3A65230CE52B002E9FC1 /* ArtistItem.swift */; };
		6ADF3A68230D195E002E9FC1 /* MusicSingerDetailVC.swift in Sources */ = {isa = PBXBuildFile; fileRef = 6ADF3A67230D195E002E9FC1 /* MusicSingerDetailVC.swift */; };
		6ADF3A6A230D234D002E9FC1 /* ArtistDetail.swift in Sources */ = {isa = PBXBuildFile; fileRef = 6ADF3A69230D234D002E9FC1 /* ArtistDetail.swift */; };
		6ADF3A6C230D369F002E9FC1 /* ArtistMusicItem.swift in Sources */ = {isa = PBXBuildFile; fileRef = 6ADF3A6B230D369F002E9FC1 /* ArtistMusicItem.swift */; };
		6ADF3A6E230D3B6A002E9FC1 /* ArtistMVItem.swift in Sources */ = {isa = PBXBuildFile; fileRef = 6ADF3A6D230D3B6A002E9FC1 /* ArtistMVItem.swift */; };
		6ADF3A70230D53DE002E9FC1 /* ArtistAlbumItem.swift in Sources */ = {isa = PBXBuildFile; fileRef = 6ADF3A6F230D53DE002E9FC1 /* ArtistAlbumItem.swift */; };
		6ADF3A72230E1A53002E9FC1 /* MusicAlbumListCell.swift in Sources */ = {isa = PBXBuildFile; fileRef = 6ADF3A71230E1A53002E9FC1 /* MusicAlbumListCell.swift */; };
		6ADF3A74230E295A002E9FC1 /* MusicSingerDescCell.swift in Sources */ = {isa = PBXBuildFile; fileRef = 6ADF3A73230E295A002E9FC1 /* MusicSingerDescCell.swift */; };
		6ADF3A76230E79ED002E9FC1 /* MusicSearchResultVC.swift in Sources */ = {isa = PBXBuildFile; fileRef = 6ADF3A75230E79ED002E9FC1 /* MusicSearchResultVC.swift */; };
		6ADF3A78230E7A90002E9FC1 /* MusicSearchController.swift in Sources */ = {isa = PBXBuildFile; fileRef = 6ADF3A77230E7A90002E9FC1 /* MusicSearchController.swift */; };
		6ADF3A7A230F6C2B002E9FC1 /* SearchAlbumItem.swift in Sources */ = {isa = PBXBuildFile; fileRef = 6ADF3A79230F6C2B002E9FC1 /* SearchAlbumItem.swift */; };
		6ADF3A7C230F6EBB002E9FC1 /* SearchMVItem.swift in Sources */ = {isa = PBXBuildFile; fileRef = 6ADF3A7B230F6EBB002E9FC1 /* SearchMVItem.swift */; };
		6ADF3A7E230F703C002E9FC1 /* SearchLrcItem.swift in Sources */ = {isa = PBXBuildFile; fileRef = 6ADF3A7D230F703C002E9FC1 /* SearchLrcItem.swift */; };
		6ADF3A80230F7F01002E9FC1 /* UIImage+Extension.swift in Sources */ = {isa = PBXBuildFile; fileRef = 6ADF3A7F230F7F01002E9FC1 /* UIImage+Extension.swift */; };
		6ADF3A82230FC979002E9FC1 /* MusicSearchMVCell.swift in Sources */ = {isa = PBXBuildFile; fileRef = 6ADF3A81230FC979002E9FC1 /* MusicSearchMVCell.swift */; };
		6ADF3A84230FD8B4002E9FC1 /* MusicSearchAlbumCell.swift in Sources */ = {isa = PBXBuildFile; fileRef = 6ADF3A83230FD8B4002E9FC1 /* MusicSearchAlbumCell.swift */; };
		6ADF3A86230FE698002E9FC1 /* MusicSearchLrcCell.swift in Sources */ = {isa = PBXBuildFile; fileRef = 6ADF3A85230FE698002E9FC1 /* MusicSearchLrcCell.swift */; };
/* End PBXBuildFile section */

/* Begin PBXFileReference section */
		2CCA1F6D6B3251A1C41530AC /* Pods_QQMusic.framework */ = {isa = PBXFileReference; explicitFileType = wrapper.framework; includeInIndex = 0; path = Pods_QQMusic.framework; sourceTree = BUILT_PRODUCTS_DIR; };
		32F1C49E92F32385E9390B4E /* Pods-QQMusic.debug.xcconfig */ = {isa = PBXFileReference; includeInIndex = 1; lastKnownFileType = text.xcconfig; name = "Pods-QQMusic.debug.xcconfig"; path = "Target Support Files/Pods-QQMusic/Pods-QQMusic.debug.xcconfig"; sourceTree = "<group>"; };
		6A14C5A422EAA2BB006EF89F /* QQMusic.app */ = {isa = PBXFileReference; explicitFileType = wrapper.application; includeInIndex = 0; path = QQMusic.app; sourceTree = BUILT_PRODUCTS_DIR; };
		6A14C5A722EAA2BC006EF89F /* AppDelegate.swift */ = {isa = PBXFileReference; lastKnownFileType = sourcecode.swift; path = AppDelegate.swift; sourceTree = "<group>"; };
		6A14C5B322EAA2BF006EF89F /* Info.plist */ = {isa = PBXFileReference; lastKnownFileType = text.plist.xml; path = Info.plist; sourceTree = "<group>"; };
		6A14C5B922EAB090006EF89F /* Assets.xcassets */ = {isa = PBXFileReference; lastKnownFileType = folder.assetcatalog; path = Assets.xcassets; sourceTree = "<group>"; };
		6A14C5BD22EAF076006EF89F /* MZCircleProgress.swift */ = {isa = PBXFileReference; fileEncoding = 4; lastKnownFileType = sourcecode.swift; path = MZCircleProgress.swift; sourceTree = "<group>"; };
		6A14C5BE22EAF076006EF89F /* MZNavigationController.swift */ = {isa = PBXFileReference; fileEncoding = 4; lastKnownFileType = sourcecode.swift; path = MZNavigationController.swift; sourceTree = "<group>"; };
		6A14C5C122EAF088006EF89F /* MZMarqueeLabel.swift */ = {isa = PBXFileReference; fileEncoding = 4; lastKnownFileType = sourcecode.swift; path = MZMarqueeLabel.swift; sourceTree = "<group>"; };
		6A14C5C322EAF0A4006EF89F /* Reachability.swift */ = {isa = PBXFileReference; fileEncoding = 4; lastKnownFileType = sourcecode.swift; path = Reachability.swift; sourceTree = "<group>"; };
		6A14C5C522EAF36A006EF89F /* MBProgressHUD+Extension.swift */ = {isa = PBXFileReference; fileEncoding = 4; lastKnownFileType = sourcecode.swift; path = "MBProgressHUD+Extension.swift"; sourceTree = "<group>"; };
		6A14C6CA22EAF462006EF89F /* MusicLyricVC.swift */ = {isa = PBXFileReference; fileEncoding = 4; lastKnownFileType = sourcecode.swift; path = MusicLyricVC.swift; sourceTree = "<group>"; };
		6A14C6CB22EAF462006EF89F /* MusicPlayerVC.swift */ = {isa = PBXFileReference; fileEncoding = 4; lastKnownFileType = sourcecode.swift; path = MusicPlayerVC.swift; sourceTree = "<group>"; };
		6A14C6CC22EAF462006EF89F /* MusicTabbarController.swift */ = {isa = PBXFileReference; fileEncoding = 4; lastKnownFileType = sourcecode.swift; path = MusicTabbarController.swift; sourceTree = "<group>"; };
		6A14C6CD22EAF462006EF89F /* MusicDownloadVC.swift */ = {isa = PBXFileReference; fileEncoding = 4; lastKnownFileType = sourcecode.swift; path = MusicDownloadVC.swift; sourceTree = "<group>"; };
		6A14C6CE22EAF462006EF89F /* MusicTop100VC.swift */ = {isa = PBXFileReference; fileEncoding = 4; lastKnownFileType = sourcecode.swift; path = MusicTop100VC.swift; sourceTree = "<group>"; };
		6A14C6D622EAF495006EF89F /* MZDownloadManager.swift */ = {isa = PBXFileReference; fileEncoding = 4; lastKnownFileType = sourcecode.swift; path = MZDownloadManager.swift; sourceTree = "<group>"; };
		6A14C6D722EAF495006EF89F /* MusicDatabaseManager.swift */ = {isa = PBXFileReference; fileEncoding = 4; lastKnownFileType = sourcecode.swift; path = MusicDatabaseManager.swift; sourceTree = "<group>"; };
		6A14C6D822EAF495006EF89F /* MZMusicPlayerManager.swift */ = {isa = PBXFileReference; fileEncoding = 4; lastKnownFileType = sourcecode.swift; path = MZMusicPlayerManager.swift; sourceTree = "<group>"; };
		6A14C6D922EAF495006EF89F /* MZMusicAPIRequest.swift */ = {isa = PBXFileReference; fileEncoding = 4; lastKnownFileType = sourcecode.swift; path = MZMusicAPIRequest.swift; sourceTree = "<group>"; };
		6A14C6E022EAF4BB006EF89F /* MusicDownloadCell.swift */ = {isa = PBXFileReference; fileEncoding = 4; lastKnownFileType = sourcecode.swift; path = MusicDownloadCell.swift; sourceTree = "<group>"; };
		6A14C6E122EAF4BB006EF89F /* MusicSubListCell.swift */ = {isa = PBXFileReference; fileEncoding = 4; lastKnownFileType = sourcecode.swift; path = MusicSubListCell.swift; sourceTree = "<group>"; };
		6A14C6E222EAF4BB006EF89F /* MusicCategoryCell.swift */ = {isa = PBXFileReference; fileEncoding = 4; lastKnownFileType = sourcecode.swift; path = MusicCategoryCell.swift; sourceTree = "<group>"; };
		6A14C6E322EAF4BB006EF89F /* MusicLyricCell.swift */ = {isa = PBXFileReference; fileEncoding = 4; lastKnownFileType = sourcecode.swift; path = MusicLyricCell.swift; sourceTree = "<group>"; };
		6A14C6E422EAF4BB006EF89F /* NetworkMusicListCell.swift */ = {isa = PBXFileReference; fileEncoding = 4; lastKnownFileType = sourcecode.swift; path = NetworkMusicListCell.swift; sourceTree = "<group>"; };
		6A14C6EA22EAF4CE006EF89F /* MusicItem.swift */ = {isa = PBXFileReference; fileEncoding = 4; lastKnownFileType = sourcecode.swift; path = MusicItem.swift; sourceTree = "<group>"; };
		6A14C6EC22EAF5E5006EF89F /* libsqlite3.tbd */ = {isa = PBXFileReference; lastKnownFileType = "sourcecode.text-based-dylib-definition"; name = libsqlite3.tbd; path = usr/lib/libsqlite3.tbd; sourceTree = SDKROOT; };
		6A14C6EE22EAF5EB006EF89F /* ImageIO.framework */ = {isa = PBXFileReference; lastKnownFileType = wrapper.framework; name = ImageIO.framework; path = System/Library/Frameworks/ImageIO.framework; sourceTree = SDKROOT; };
		6A14C6F022EAF5F4006EF89F /* CoreMotion.framework */ = {isa = PBXFileReference; lastKnownFileType = wrapper.framework; name = CoreMotion.framework; path = System/Library/Frameworks/CoreMotion.framework; sourceTree = SDKROOT; };
		6A14C6F222EAF77D006EF89F /* MZBase.swift */ = {isa = PBXFileReference; fileEncoding = 4; lastKnownFileType = sourcecode.swift; path = MZBase.swift; sourceTree = "<group>"; };
		6A8A35C922F6EFF000CDFDB6 /* MusicMainVC.swift */ = {isa = PBXFileReference; lastKnownFileType = sourcecode.swift; path = MusicMainVC.swift; sourceTree = "<group>"; };
		6A8A35CB23024E8800CDFDB6 /* BannerItem.swift */ = {isa = PBXFileReference; lastKnownFileType = sourcecode.swift; path = BannerItem.swift; sourceTree = "<group>"; };
		6A8A35CD230262A000CDFDB6 /* MusicWebVC.swift */ = {isa = PBXFileReference; lastKnownFileType = sourcecode.swift; path = MusicWebVC.swift; sourceTree = "<group>"; };
		6A8A35CF2302AB8A00CDFDB6 /* MusicHomePageCell.swift */ = {isa = PBXFileReference; lastKnownFileType = sourcecode.swift; path = MusicHomePageCell.swift; sourceTree = "<group>"; };
		6A8A35D1230393F700CDFDB6 /* SongListItem.swift */ = {isa = PBXFileReference; lastKnownFileType = sourcecode.swift; path = SongListItem.swift; sourceTree = "<group>"; };
		6A8A35D32303A11700CDFDB6 /* MVItem.swift */ = {isa = PBXFileReference; lastKnownFileType = sourcecode.swift; path = MVItem.swift; sourceTree = "<group>"; };
		6A8A35D52303AF3500CDFDB6 /* MusicSongListVC.swift */ = {isa = PBXFileReference; lastKnownFileType = sourcecode.swift; path = MusicSongListVC.swift; sourceTree = "<group>"; };
		6A8A35D92303FA4A00CDFDB6 /* SongListDetail.swift */ = {isa = PBXFileReference; lastKnownFileType = sourcecode.swift; path = SongListDetail.swift; sourceTree = "<group>"; };
		6ADF3A312304E789002E9FC1 /* MusicSongListIntroduceVC.swift */ = {isa = PBXFileReference; lastKnownFileType = sourcecode.swift; path = MusicSongListIntroduceVC.swift; sourceTree = "<group>"; };
		6ADF3A332304FA57002E9FC1 /* MusicListCell.swift */ = {isa = PBXFileReference; lastKnownFileType = sourcecode.swift; path = MusicListCell.swift; sourceTree = "<group>"; };
		6ADF3A3523064B5C002E9FC1 /* MusicRankingCategoryVC.swift */ = {isa = PBXFileReference; lastKnownFileType = sourcecode.swift; path = MusicRankingCategoryVC.swift; sourceTree = "<group>"; };
		6ADF3A3723064C76002E9FC1 /* MusicRankingCategoryTopCell.swift */ = {isa = PBXFileReference; lastKnownFileType = sourcecode.swift; path = MusicRankingCategoryTopCell.swift; sourceTree = "<group>"; };
		6ADF3A3923065D42002E9FC1 /* MusicRankingCategoryOtherCell.swift */ = {isa = PBXFileReference; lastKnownFileType = sourcecode.swift; path = MusicRankingCategoryOtherCell.swift; sourceTree = "<group>"; };
		6ADF3A3B230684D2002E9FC1 /* MusicRankingListVC.swift */ = {isa = PBXFileReference; lastKnownFileType = sourcecode.swift; path = MusicRankingListVC.swift; sourceTree = "<group>"; };
		6ADF3A3D2306A8C5002E9FC1 /* MusicSongListCategoryVC.swift */ = {isa = PBXFileReference; lastKnownFileType = sourcecode.swift; path = MusicSongListCategoryVC.swift; sourceTree = "<group>"; };
		6ADF3A3F2306A992002E9FC1 /* MusicSongListCategoryCell.swift */ = {isa = PBXFileReference; lastKnownFileType = sourcecode.swift; path = MusicSongListCategoryCell.swift; sourceTree = "<group>"; };
		6ADF3A412306ABC3002E9FC1 /* SongListCategoryGroupItem.swift */ = {isa = PBXFileReference; lastKnownFileType = sourcecode.swift; path = SongListCategoryGroupItem.swift; sourceTree = "<group>"; };
		6ADF3A4323078D42002E9FC1 /* MusicSongListCategoryHeader.swift */ = {isa = PBXFileReference; lastKnownFileType = sourcecode.swift; path = MusicSongListCategoryHeader.swift; sourceTree = "<group>"; };
		6ADF3A45230799DE002E9FC1 /* MusicSongListListVC.swift */ = {isa = PBXFileReference; lastKnownFileType = sourcecode.swift; path = MusicSongListListVC.swift; sourceTree = "<group>"; };
		6ADF3A4723079A40002E9FC1 /* MusicSongListListCell.swift */ = {isa = PBXFileReference; lastKnownFileType = sourcecode.swift; path = MusicSongListListCell.swift; sourceTree = "<group>"; };
		6ADF3A492307A3FD002E9FC1 /* String+Extension.swift */ = {isa = PBXFileReference; lastKnownFileType = sourcecode.swift; path = "String+Extension.swift"; sourceTree = "<group>"; };
		6ADF3A4B2307B2BE002E9FC1 /* MusicMVListVC.swift */ = {isa = PBXFileReference; lastKnownFileType = sourcecode.swift; path = MusicMVListVC.swift; sourceTree = "<group>"; };
		6ADF3A4D2307DA2C002E9FC1 /* MusicMVListCell.swift */ = {isa = PBXFileReference; lastKnownFileType = sourcecode.swift; path = MusicMVListCell.swift; sourceTree = "<group>"; };
		6ADF3A4F2307E72E002E9FC1 /* MusicMVDetailVC.swift */ = {isa = PBXFileReference; lastKnownFileType = sourcecode.swift; path = MusicMVDetailVC.swift; sourceTree = "<group>"; };
		6ADF3A53230A9006002E9FC1 /* MVDetail.swift */ = {isa = PBXFileReference; lastKnownFileType = sourcecode.swift; path = MVDetail.swift; sourceTree = "<group>"; };
		6ADF3A57230B93AD002E9FC1 /* AlbumDetail.swift */ = {isa = PBXFileReference; lastKnownFileType = sourcecode.swift; path = AlbumDetail.swift; sourceTree = "<group>"; };
		6ADF3A59230B99C7002E9FC1 /* MusicAlbumDetailVC.swift */ = {isa = PBXFileReference; lastKnownFileType = sourcecode.swift; path = MusicAlbumDetailVC.swift; sourceTree = "<group>"; };
		6ADF3A5B230BC656002E9FC1 /* MusicAlbumDetailIntroduceVC.swift */ = {isa = PBXFileReference; lastKnownFileType = sourcecode.swift; path = MusicAlbumDetailIntroduceVC.swift; sourceTree = "<group>"; };
		6ADF3A5D230CD20B002E9FC1 /* MusicSingerListVC.swift */ = {isa = PBXFileReference; lastKnownFileType = sourcecode.swift; path = MusicSingerListVC.swift; sourceTree = "<group>"; };
		6ADF3A5F230CD3A3002E9FC1 /* SingerCategory.swift */ = {isa = PBXFileReference; lastKnownFileType = sourcecode.swift; path = SingerCategory.swift; sourceTree = "<group>"; };
		6ADF3A61230CE03C002E9FC1 /* MusicSingerListCell.swift */ = {isa = PBXFileReference; lastKnownFileType = sourcecode.swift; path = MusicSingerListCell.swift; sourceTree = "<group>"; };
		6ADF3A63230CE060002E9FC1 /* MusicSingerCategoryCell.swift */ = {isa = PBXFileReference; lastKnownFileType = sourcecode.swift; path = MusicSingerCategoryCell.swift; sourceTree = "<group>"; };
		6ADF3A65230CE52B002E9FC1 /* ArtistItem.swift */ = {isa = PBXFileReference; lastKnownFileType = sourcecode.swift; path = ArtistItem.swift; sourceTree = "<group>"; };
		6ADF3A67230D195E002E9FC1 /* MusicSingerDetailVC.swift */ = {isa = PBXFileReference; lastKnownFileType = sourcecode.swift; path = MusicSingerDetailVC.swift; sourceTree = "<group>"; };
		6ADF3A69230D234D002E9FC1 /* ArtistDetail.swift */ = {isa = PBXFileReference; lastKnownFileType = sourcecode.swift; path = ArtistDetail.swift; sourceTree = "<group>"; };
		6ADF3A6B230D369F002E9FC1 /* ArtistMusicItem.swift */ = {isa = PBXFileReference; lastKnownFileType = sourcecode.swift; path = ArtistMusicItem.swift; sourceTree = "<group>"; };
		6ADF3A6D230D3B6A002E9FC1 /* ArtistMVItem.swift */ = {isa = PBXFileReference; lastKnownFileType = sourcecode.swift; path = ArtistMVItem.swift; sourceTree = "<group>"; };
		6ADF3A6F230D53DE002E9FC1 /* ArtistAlbumItem.swift */ = {isa = PBXFileReference; lastKnownFileType = sourcecode.swift; path = ArtistAlbumItem.swift; sourceTree = "<group>"; };
		6ADF3A71230E1A53002E9FC1 /* MusicAlbumListCell.swift */ = {isa = PBXFileReference; lastKnownFileType = sourcecode.swift; path = MusicAlbumListCell.swift; sourceTree = "<group>"; };
		6ADF3A73230E295A002E9FC1 /* MusicSingerDescCell.swift */ = {isa = PBXFileReference; lastKnownFileType = sourcecode.swift; path = MusicSingerDescCell.swift; sourceTree = "<group>"; };
		6ADF3A75230E79ED002E9FC1 /* MusicSearchResultVC.swift */ = {isa = PBXFileReference; lastKnownFileType = sourcecode.swift; path = MusicSearchResultVC.swift; sourceTree = "<group>"; };
		6ADF3A77230E7A90002E9FC1 /* MusicSearchController.swift */ = {isa = PBXFileReference; lastKnownFileType = sourcecode.swift; path = MusicSearchController.swift; sourceTree = "<group>"; };
		6ADF3A79230F6C2B002E9FC1 /* SearchAlbumItem.swift */ = {isa = PBXFileReference; lastKnownFileType = sourcecode.swift; path = SearchAlbumItem.swift; sourceTree = "<group>"; };
		6ADF3A7B230F6EBB002E9FC1 /* SearchMVItem.swift */ = {isa = PBXFileReference; lastKnownFileType = sourcecode.swift; path = SearchMVItem.swift; sourceTree = "<group>"; };
		6ADF3A7D230F703C002E9FC1 /* SearchLrcItem.swift */ = {isa = PBXFileReference; lastKnownFileType = sourcecode.swift; path = SearchLrcItem.swift; sourceTree = "<group>"; };
		6ADF3A7F230F7F01002E9FC1 /* UIImage+Extension.swift */ = {isa = PBXFileReference; lastKnownFileType = sourcecode.swift; path = "UIImage+Extension.swift"; sourceTree = "<group>"; };
		6ADF3A81230FC979002E9FC1 /* MusicSearchMVCell.swift */ = {isa = PBXFileReference; lastKnownFileType = sourcecode.swift; path = MusicSearchMVCell.swift; sourceTree = "<group>"; };
		6ADF3A83230FD8B4002E9FC1 /* MusicSearchAlbumCell.swift */ = {isa = PBXFileReference; lastKnownFileType = sourcecode.swift; path = MusicSearchAlbumCell.swift; sourceTree = "<group>"; };
		6ADF3A85230FE698002E9FC1 /* MusicSearchLrcCell.swift */ = {isa = PBXFileReference; lastKnownFileType = sourcecode.swift; path = MusicSearchLrcCell.swift; sourceTree = "<group>"; };
		E7089AEE5A1F0BDEDFF68FE6 /* Pods-QQMusic.release.xcconfig */ = {isa = PBXFileReference; includeInIndex = 1; lastKnownFileType = text.xcconfig; name = "Pods-QQMusic.release.xcconfig"; path = "Target Support Files/Pods-QQMusic/Pods-QQMusic.release.xcconfig"; sourceTree = "<group>"; };
/* End PBXFileReference section */

/* Begin PBXFrameworksBuildPhase section */
		6A14C5A122EAA2BB006EF89F /* Frameworks */ = {
			isa = PBXFrameworksBuildPhase;
			buildActionMask = 2147483647;
			files = (
				6A14C6F122EAF5F4006EF89F /* CoreMotion.framework in Frameworks */,
				6A14C6EF22EAF5EB006EF89F /* ImageIO.framework in Frameworks */,
				6A14C6ED22EAF5E5006EF89F /* libsqlite3.tbd in Frameworks */,
				390EBE63EF9F0CE79FD15D84 /* Pods_QQMusic.framework in Frameworks */,
			);
			runOnlyForDeploymentPostprocessing = 0;
		};
/* End PBXFrameworksBuildPhase section */

/* Begin PBXGroup section */
		14681E408DA27ACA549CC447 /* Frameworks */ = {
			isa = PBXGroup;
			children = (
				6A14C6F022EAF5F4006EF89F /* CoreMotion.framework */,
				6A14C6EE22EAF5EB006EF89F /* ImageIO.framework */,
				6A14C6EC22EAF5E5006EF89F /* libsqlite3.tbd */,
				2CCA1F6D6B3251A1C41530AC /* Pods_QQMusic.framework */,
			);
			name = Frameworks;
			sourceTree = "<group>";
		};
		6A14C59B22EAA2BB006EF89F = {
			isa = PBXGroup;
			children = (
				6A14C5A622EAA2BB006EF89F /* QQMusic */,
				6A14C5A522EAA2BB006EF89F /* Products */,
				EA28C63AD6C9C0B032AB70CF /* Pods */,
				14681E408DA27ACA549CC447 /* Frameworks */,
			);
			sourceTree = "<group>";
		};
		6A14C5A522EAA2BB006EF89F /* Products */ = {
			isa = PBXGroup;
			children = (
				6A14C5A422EAA2BB006EF89F /* QQMusic.app */,
			);
			name = Products;
			sourceTree = "<group>";
		};
		6A14C5A622EAA2BB006EF89F /* QQMusic */ = {
			isa = PBXGroup;
			children = (
				6A14C6C822EAF442006EF89F /* MusicPlayer */,
				6A14C5BC22EAF056006EF89F /* Thirdparty */,
				6A14C5BB22EAB09D006EF89F /* Source */,
				6A14C5A722EAA2BC006EF89F /* AppDelegate.swift */,
				6A14C5B322EAA2BF006EF89F /* Info.plist */,
			);
			path = QQMusic;
			sourceTree = "<group>";
		};
		6A14C5BB22EAB09D006EF89F /* Source */ = {
			isa = PBXGroup;
			children = (
				6A14C5B922EAB090006EF89F /* Assets.xcassets */,
			);
			path = Source;
			sourceTree = "<group>";
		};
		6A14C5BC22EAF056006EF89F /* Thirdparty */ = {
			isa = PBXGroup;
			children = (
				6A14C6F222EAF77D006EF89F /* MZBase.swift */,
				6A14C5C522EAF36A006EF89F /* MBProgressHUD+Extension.swift */,
				6A14C5C322EAF0A4006EF89F /* Reachability.swift */,
				6A14C5BD22EAF076006EF89F /* MZCircleProgress.swift */,
				6A14C5BE22EAF076006EF89F /* MZNavigationController.swift */,
				6A14C5C122EAF088006EF89F /* MZMarqueeLabel.swift */,
				6ADF3A492307A3FD002E9FC1 /* String+Extension.swift */,
				6ADF3A7F230F7F01002E9FC1 /* UIImage+Extension.swift */,
			);
			path = Thirdparty;
			sourceTree = "<group>";
		};
		6A14C6C822EAF442006EF89F /* MusicPlayer */ = {
			isa = PBXGroup;
			children = (
				6A14C6DF22EAF4AC006EF89F /* Model */,
				6A14C6DE22EAF4A6006EF89F /* View */,
				6A14C6D522EAF480006EF89F /* Management */,
				6A14C6CD22EAF462006EF89F /* MusicDownloadVC.swift */,
				6A14C6CA22EAF462006EF89F /* MusicLyricVC.swift */,
				6A14C6CB22EAF462006EF89F /* MusicPlayerVC.swift */,
				6A14C6CC22EAF462006EF89F /* MusicTabbarController.swift */,
				6A14C6CE22EAF462006EF89F /* MusicTop100VC.swift */,
				6A8A35C922F6EFF000CDFDB6 /* MusicMainVC.swift */,
				6ADF3A77230E7A90002E9FC1 /* MusicSearchController.swift */,
				6ADF3A75230E79ED002E9FC1 /* MusicSearchResultVC.swift */,
				6ADF3A3523064B5C002E9FC1 /* MusicRankingCategoryVC.swift */,
				6ADF3A3B230684D2002E9FC1 /* MusicRankingListVC.swift */,
				6ADF3A3D2306A8C5002E9FC1 /* MusicSongListCategoryVC.swift */,
				6ADF3A45230799DE002E9FC1 /* MusicSongListListVC.swift */,
				6A8A35D52303AF3500CDFDB6 /* MusicSongListVC.swift */,
				6ADF3A312304E789002E9FC1 /* MusicSongListIntroduceVC.swift */,
				6ADF3A4B2307B2BE002E9FC1 /* MusicMVListVC.swift */,
				6ADF3A4F2307E72E002E9FC1 /* MusicMVDetailVC.swift */,
				6ADF3A59230B99C7002E9FC1 /* MusicAlbumDetailVC.swift */,
				6ADF3A5B230BC656002E9FC1 /* MusicAlbumDetailIntroduceVC.swift */,
				6ADF3A5D230CD20B002E9FC1 /* MusicSingerListVC.swift */,
				6ADF3A67230D195E002E9FC1 /* MusicSingerDetailVC.swift */,
				6A8A35CD230262A000CDFDB6 /* MusicWebVC.swift */,
			);
			path = MusicPlayer;
			sourceTree = "<group>";
		};
		6A14C6D522EAF480006EF89F /* Management */ = {
			isa = PBXGroup;
			children = (
				6A14C6D722EAF495006EF89F /* MusicDatabaseManager.swift */,
				6A14C6D622EAF495006EF89F /* MZDownloadManager.swift */,
				6A14C6D922EAF495006EF89F /* MZMusicAPIRequest.swift */,
				6A14C6D822EAF495006EF89F /* MZMusicPlayerManager.swift */,
			);
			path = Management;
			sourceTree = "<group>";
		};
		6A14C6DE22EAF4A6006EF89F /* View */ = {
			isa = PBXGroup;
			children = (
				6A14C6E222EAF4BB006EF89F /* MusicCategoryCell.swift */,
				6A14C6E022EAF4BB006EF89F /* MusicDownloadCell.swift */,
				6A14C6E322EAF4BB006EF89F /* MusicLyricCell.swift */,
				6A14C6E122EAF4BB006EF89F /* MusicSubListCell.swift */,
				6A14C6E422EAF4BB006EF89F /* NetworkMusicListCell.swift */,
				6A8A35CF2302AB8A00CDFDB6 /* MusicHomePageCell.swift */,
				6ADF3A332304FA57002E9FC1 /* MusicListCell.swift */,
				6ADF3A3723064C76002E9FC1 /* MusicRankingCategoryTopCell.swift */,
				6ADF3A3923065D42002E9FC1 /* MusicRankingCategoryOtherCell.swift */,
				6ADF3A3F2306A992002E9FC1 /* MusicSongListCategoryCell.swift */,
				6ADF3A4323078D42002E9FC1 /* MusicSongListCategoryHeader.swift */,
				6ADF3A4723079A40002E9FC1 /* MusicSongListListCell.swift */,
				6ADF3A4D2307DA2C002E9FC1 /* MusicMVListCell.swift */,
				6ADF3A61230CE03C002E9FC1 /* MusicSingerListCell.swift */,
				6ADF3A63230CE060002E9FC1 /* MusicSingerCategoryCell.swift */,
				6ADF3A71230E1A53002E9FC1 /* MusicAlbumListCell.swift */,
				6ADF3A73230E295A002E9FC1 /* MusicSingerDescCell.swift */,
				6ADF3A81230FC979002E9FC1 /* MusicSearchMVCell.swift */,
				6ADF3A83230FD8B4002E9FC1 /* MusicSearchAlbumCell.swift */,
				6ADF3A85230FE698002E9FC1 /* MusicSearchLrcCell.swift */,
			);
			path = View;
			sourceTree = "<group>";
		};
		6A14C6DF22EAF4AC006EF89F /* Model */ = {
			isa = PBXGroup;
			children = (
				6A14C6EA22EAF4CE006EF89F /* MusicItem.swift */,
				6A8A35CB23024E8800CDFDB6 /* BannerItem.swift */,
				6A8A35D1230393F700CDFDB6 /* SongListItem.swift */,
				6A8A35D32303A11700CDFDB6 /* MVItem.swift */,
				6ADF3A412306ABC3002E9FC1 /* SongListCategoryGroupItem.swift */,
				6A8A35D92303FA4A00CDFDB6 /* SongListDetail.swift */,
				6ADF3A53230A9006002E9FC1 /* MVDetail.swift */,
				6ADF3A57230B93AD002E9FC1 /* AlbumDetail.swift */,
				6ADF3A5F230CD3A3002E9FC1 /* SingerCategory.swift */,
				6ADF3A65230CE52B002E9FC1 /* ArtistItem.swift */,
				6ADF3A69230D234D002E9FC1 /* ArtistDetail.swift */,
				6ADF3A6B230D369F002E9FC1 /* ArtistMusicItem.swift */,
				6ADF3A6D230D3B6A002E9FC1 /* ArtistMVItem.swift */,
				6ADF3A6F230D53DE002E9FC1 /* ArtistAlbumItem.swift */,
				6ADF3A79230F6C2B002E9FC1 /* SearchAlbumItem.swift */,
				6ADF3A7B230F6EBB002E9FC1 /* SearchMVItem.swift */,
				6ADF3A7D230F703C002E9FC1 /* SearchLrcItem.swift */,
			);
			path = Model;
			sourceTree = "<group>";
		};
		EA28C63AD6C9C0B032AB70CF /* Pods */ = {
			isa = PBXGroup;
			children = (
				32F1C49E92F32385E9390B4E /* Pods-QQMusic.debug.xcconfig */,
				E7089AEE5A1F0BDEDFF68FE6 /* Pods-QQMusic.release.xcconfig */,
			);
			path = Pods;
			sourceTree = "<group>";
		};
/* End PBXGroup section */

/* Begin PBXNativeTarget section */
		6A14C5A322EAA2BB006EF89F /* QQMusic */ = {
			isa = PBXNativeTarget;
			buildConfigurationList = 6A14C5B622EAA2BF006EF89F /* Build configuration list for PBXNativeTarget "QQMusic" */;
			buildPhases = (
				35781956E97A4353A538CDC6 /* [CP] Check Pods Manifest.lock */,
				6A14C5A022EAA2BB006EF89F /* Sources */,
				6A14C5A122EAA2BB006EF89F /* Frameworks */,
				6A14C5A222EAA2BB006EF89F /* Resources */,
				8EE9700265F10236FA086628 /* [CP] Embed Pods Frameworks */,
			);
			buildRules = (
			);
			dependencies = (
			);
			name = QQMusic;
			productName = QQMusic;
			productReference = 6A14C5A422EAA2BB006EF89F /* QQMusic.app */;
			productType = "com.apple.product-type.application";
		};
/* End PBXNativeTarget section */

/* Begin PBXProject section */
		6A14C59C22EAA2BB006EF89F /* Project object */ = {
			isa = PBXProject;
			attributes = {
				LastSwiftUpdateCheck = 1020;
				LastUpgradeCheck = 1020;
				ORGANIZATIONNAME = com.mz;
				TargetAttributes = {
					6A14C5A322EAA2BB006EF89F = {
						CreatedOnToolsVersion = 10.2.1;
						SystemCapabilities = {
							com.apple.BackgroundModes = {
								enabled = 1;
							};
						};
					};
				};
			};
			buildConfigurationList = 6A14C59F22EAA2BB006EF89F /* Build configuration list for PBXProject "QQMusic" */;
			compatibilityVersion = "Xcode 9.3";
			developmentRegion = en;
			hasScannedForEncodings = 0;
			knownRegions = (
				en,
				Base,
				"zh-Hans",
			);
			mainGroup = 6A14C59B22EAA2BB006EF89F;
			productRefGroup = 6A14C5A522EAA2BB006EF89F /* Products */;
			projectDirPath = "";
			projectRoot = "";
			targets = (
				6A14C5A322EAA2BB006EF89F /* QQMusic */,
			);
		};
/* End PBXProject section */

/* Begin PBXResourcesBuildPhase section */
		6A14C5A222EAA2BB006EF89F /* Resources */ = {
			isa = PBXResourcesBuildPhase;
			buildActionMask = 2147483647;
			files = (
				6A14C5BA22EAB090006EF89F /* Assets.xcassets in Resources */,
			);
			runOnlyForDeploymentPostprocessing = 0;
		};
/* End PBXResourcesBuildPhase section */

/* Begin PBXShellScriptBuildPhase section */
		35781956E97A4353A538CDC6 /* [CP] Check Pods Manifest.lock */ = {
			isa = PBXShellScriptBuildPhase;
			buildActionMask = 2147483647;
			files = (
			);
			inputFileListPaths = (
			);
			inputPaths = (
				"${PODS_PODFILE_DIR_PATH}/Podfile.lock",
				"${PODS_ROOT}/Manifest.lock",
			);
			name = "[CP] Check Pods Manifest.lock";
			outputFileListPaths = (
			);
			outputPaths = (
				"$(DERIVED_FILE_DIR)/Pods-QQMusic-checkManifestLockResult.txt",
			);
			runOnlyForDeploymentPostprocessing = 0;
			shellPath = /bin/sh;
			shellScript = "diff \"${PODS_PODFILE_DIR_PATH}/Podfile.lock\" \"${PODS_ROOT}/Manifest.lock\" > /dev/null\nif [ $? != 0 ] ; then\n    # print error to STDERR\n    echo \"error: The sandbox is not in sync with the Podfile.lock. Run 'pod install' or update your CocoaPods installation.\" >&2\n    exit 1\nfi\n# This output is used by Xcode 'outputs' to avoid re-running this script phase.\necho \"SUCCESS\" > \"${SCRIPT_OUTPUT_FILE_0}\"\n";
			showEnvVarsInLog = 0;
		};
		8EE9700265F10236FA086628 /* [CP] Embed Pods Frameworks */ = {
			isa = PBXShellScriptBuildPhase;
			buildActionMask = 2147483647;
			files = (
			);
			inputFileListPaths = (
				"${PODS_ROOT}/Target Support Files/Pods-QQMusic/Pods-QQMusic-frameworks-${CONFIGURATION}-input-files.xcfilelist",
			);
			name = "[CP] Embed Pods Frameworks";
			outputFileListPaths = (
				"${PODS_ROOT}/Target Support Files/Pods-QQMusic/Pods-QQMusic-frameworks-${CONFIGURATION}-output-files.xcfilelist",
			);
			runOnlyForDeploymentPostprocessing = 0;
			shellPath = /bin/sh;
			shellScript = "\"${PODS_ROOT}/Target Support Files/Pods-QQMusic/Pods-QQMusic-frameworks.sh\"\n";
			showEnvVarsInLog = 0;
		};
/* End PBXShellScriptBuildPhase section */

/* Begin PBXSourcesBuildPhase section */
		6A14C5A022EAA2BB006EF89F /* Sources */ = {
			isa = PBXSourcesBuildPhase;
			buildActionMask = 2147483647;
			files = (
				6A14C6DD22EAF495006EF89F /* MZMusicAPIRequest.swift in Sources */,
				6ADF3A68230D195E002E9FC1 /* MusicSingerDetailVC.swift in Sources */,
				6ADF3A66230CE52B002E9FC1 /* ArtistItem.swift in Sources */,
				6ADF3A72230E1A53002E9FC1 /* MusicAlbumListCell.swift in Sources */,
				6A14C6EB22EAF4CE006EF89F /* MusicItem.swift in Sources */,
				6ADF3A54230A9006002E9FC1 /* MVDetail.swift in Sources */,
				6A14C6D222EAF462006EF89F /* MusicTabbarController.swift in Sources */,
				6A8A35DA2303FA4A00CDFDB6 /* SongListDetail.swift in Sources */,
				6ADF3A60230CD3A3002E9FC1 /* SingerCategory.swift in Sources */,
				6ADF3A7C230F6EBB002E9FC1 /* SearchMVItem.swift in Sources */,
				6A14C6D322EAF462006EF89F /* MusicDownloadVC.swift in Sources */,
				6A14C6D422EAF462006EF89F /* MusicTop100VC.swift in Sources */,
				6ADF3A5C230BC656002E9FC1 /* MusicAlbumDetailIntroduceVC.swift in Sources */,
				6A14C6F322EAF77D006EF89F /* MZBase.swift in Sources */,
				6ADF3A46230799DE002E9FC1 /* MusicSongListListVC.swift in Sources */,
				6ADF3A6C230D369F002E9FC1 /* ArtistMusicItem.swift in Sources */,
				6A8A35CA22F6EFF000CDFDB6 /* MusicMainVC.swift in Sources */,
				6A14C5A822EAA2BC006EF89F /* AppDelegate.swift in Sources */,
				6A14C6E922EAF4BB006EF89F /* NetworkMusicListCell.swift in Sources */,
				6A8A35D42303A11700CDFDB6 /* MVItem.swift in Sources */,
				6ADF3A342304FA57002E9FC1 /* MusicListCell.swift in Sources */,
				6ADF3A3E2306A8C5002E9FC1 /* MusicSongListCategoryVC.swift in Sources */,
				6A14C6DC22EAF495006EF89F /* MZMusicPlayerManager.swift in Sources */,
				6ADF3A62230CE03C002E9FC1 /* MusicSingerListCell.swift in Sources */,
				6ADF3A402306A992002E9FC1 /* MusicSongListCategoryCell.swift in Sources */,
				6ADF3A3623064B5D002E9FC1 /* MusicRankingCategoryVC.swift in Sources */,
				6A14C6E622EAF4BB006EF89F /* MusicSubListCell.swift in Sources */,
				6ADF3A74230E295A002E9FC1 /* MusicSingerDescCell.swift in Sources */,
				6ADF3A5E230CD20B002E9FC1 /* MusicSingerListVC.swift in Sources */,
				6ADF3A4823079A40002E9FC1 /* MusicSongListListCell.swift in Sources */,
				6A14C6DA22EAF495006EF89F /* MZDownloadManager.swift in Sources */,
				6ADF3A82230FC979002E9FC1 /* MusicSearchMVCell.swift in Sources */,
				6ADF3A7A230F6C2B002E9FC1 /* SearchAlbumItem.swift in Sources */,
				6ADF3A422306ABC3002E9FC1 /* SongListCategoryGroupItem.swift in Sources */,
				6A8A35D2230393F700CDFDB6 /* SongListItem.swift in Sources */,
				6ADF3A4E2307DA2C002E9FC1 /* MusicMVListCell.swift in Sources */,
				6A14C6D022EAF462006EF89F /* MusicLyricVC.swift in Sources */,
				6ADF3A6A230D234D002E9FC1 /* ArtistDetail.swift in Sources */,
				6ADF3A3823064C76002E9FC1 /* MusicRankingCategoryTopCell.swift in Sources */,
				6ADF3A3C230684D2002E9FC1 /* MusicRankingListVC.swift in Sources */,
				6A14C5C622EAF36A006EF89F /* MBProgressHUD+Extension.swift in Sources */,
				6A14C6DB22EAF495006EF89F /* MusicDatabaseManager.swift in Sources */,
				6ADF3A4C2307B2BE002E9FC1 /* MusicMVListVC.swift in Sources */,
				6ADF3A84230FD8B4002E9FC1 /* MusicSearchAlbumCell.swift in Sources */,
				6A8A35D62303AF3500CDFDB6 /* MusicSongListVC.swift in Sources */,
				6A14C6E722EAF4BB006EF89F /* MusicCategoryCell.swift in Sources */,
				6ADF3A58230B93AD002E9FC1 /* AlbumDetail.swift in Sources */,
				6A8A35CC23024E8800CDFDB6 /* BannerItem.swift in Sources */,
				6ADF3A7E230F703C002E9FC1 /* SearchLrcItem.swift in Sources */,
				6A14C6D122EAF462006EF89F /* MusicPlayerVC.swift in Sources */,
				6ADF3A64230CE060002E9FC1 /* MusicSingerCategoryCell.swift in Sources */,
				6A14C6E822EAF4BB006EF89F /* MusicLyricCell.swift in Sources */,
				6A14C5C422EAF0A4006EF89F /* Reachability.swift in Sources */,
				6ADF3A322304E789002E9FC1 /* MusicSongListIntroduceVC.swift in Sources */,
				6ADF3A78230E7A90002E9FC1 /* MusicSearchController.swift in Sources */,
				6ADF3A502307E72E002E9FC1 /* MusicMVDetailVC.swift in Sources */,
				6A8A35CE230262A000CDFDB6 /* MusicWebVC.swift in Sources */,
				6A14C5C222EAF089006EF89F /* MZMarqueeLabel.swift in Sources */,
				6A14C6E522EAF4BB006EF89F /* MusicDownloadCell.swift in Sources */,
				6A14C5C022EAF076006EF89F /* MZNavigationController.swift in Sources */,
				6ADF3A3A23065D42002E9FC1 /* MusicRankingCategoryOtherCell.swift in Sources */,
				6ADF3A4423078D42002E9FC1 /* MusicSongListCategoryHeader.swift in Sources */,
				6A14C5BF22EAF076006EF89F /* MZCircleProgress.swift in Sources */,
				6ADF3A6E230D3B6A002E9FC1 /* ArtistMVItem.swift in Sources */,
				6ADF3A86230FE698002E9FC1 /* MusicSearchLrcCell.swift in Sources */,
				6A8A35D02302AB8A00CDFDB6 /* MusicHomePageCell.swift in Sources */,
				6ADF3A80230F7F01002E9FC1 /* UIImage+Extension.swift in Sources */,
				6ADF3A5A230B99C7002E9FC1 /* MusicAlbumDetailVC.swift in Sources */,
				6ADF3A76230E79ED002E9FC1 /* MusicSearchResultVC.swift in Sources */,
				6ADF3A4A2307A3FD002E9FC1 /* String+Extension.swift in Sources */,
				6ADF3A70230D53DE002E9FC1 /* ArtistAlbumItem.swift in Sources */,
			);
			runOnlyForDeploymentPostprocessing = 0;
		};
/* End PBXSourcesBuildPhase section */

/* Begin XCBuildConfiguration section */
		6A14C5B422EAA2BF006EF89F /* Debug */ = {
			isa = XCBuildConfiguration;
			buildSettings = {
				ALWAYS_SEARCH_USER_PATHS = NO;
				CLANG_ANALYZER_NONNULL = YES;
				CLANG_ANALYZER_NUMBER_OBJECT_CONVERSION = YES_AGGRESSIVE;
				CLANG_CXX_LANGUAGE_STANDARD = "gnu++14";
				CLANG_CXX_LIBRARY = "libc++";
				CLANG_ENABLE_MODULES = YES;
				CLANG_ENABLE_OBJC_ARC = YES;
				CLANG_ENABLE_OBJC_WEAK = YES;
				CLANG_WARN_BLOCK_CAPTURE_AUTORELEASING = YES;
				CLANG_WARN_BOOL_CONVERSION = YES;
				CLANG_WARN_COMMA = YES;
				CLANG_WARN_CONSTANT_CONVERSION = YES;
				CLANG_WARN_DEPRECATED_OBJC_IMPLEMENTATIONS = YES;
				CLANG_WARN_DIRECT_OBJC_ISA_USAGE = YES_ERROR;
				CLANG_WARN_DOCUMENTATION_COMMENTS = YES;
				CLANG_WARN_EMPTY_BODY = YES;
				CLANG_WARN_ENUM_CONVERSION = YES;
				CLANG_WARN_INFINITE_RECURSION = YES;
				CLANG_WARN_INT_CONVERSION = YES;
				CLANG_WARN_NON_LITERAL_NULL_CONVERSION = YES;
				CLANG_WARN_OBJC_IMPLICIT_RETAIN_SELF = YES;
				CLANG_WARN_OBJC_LITERAL_CONVERSION = YES;
				CLANG_WARN_OBJC_ROOT_CLASS = YES_ERROR;
				CLANG_WARN_RANGE_LOOP_ANALYSIS = YES;
				CLANG_WARN_STRICT_PROTOTYPES = YES;
				CLANG_WARN_SUSPICIOUS_MOVE = YES;
				CLANG_WARN_UNGUARDED_AVAILABILITY = YES_AGGRESSIVE;
				CLANG_WARN_UNREACHABLE_CODE = YES;
				CLANG_WARN__DUPLICATE_METHOD_MATCH = YES;
				CODE_SIGN_IDENTITY = "iPhone Developer";
				COPY_PHASE_STRIP = NO;
				DEBUG_INFORMATION_FORMAT = dwarf;
				ENABLE_STRICT_OBJC_MSGSEND = YES;
				ENABLE_TESTABILITY = YES;
				GCC_C_LANGUAGE_STANDARD = gnu11;
				GCC_DYNAMIC_NO_PIC = NO;
				GCC_NO_COMMON_BLOCKS = YES;
				GCC_OPTIMIZATION_LEVEL = 0;
				GCC_PREPROCESSOR_DEFINITIONS = (
					"DEBUG=1",
					"$(inherited)",
				);
				GCC_WARN_64_TO_32_BIT_CONVERSION = YES;
				GCC_WARN_ABOUT_RETURN_TYPE = YES_ERROR;
				GCC_WARN_UNDECLARED_SELECTOR = YES;
				GCC_WARN_UNINITIALIZED_AUTOS = YES_AGGRESSIVE;
				GCC_WARN_UNUSED_FUNCTION = YES;
				GCC_WARN_UNUSED_VARIABLE = YES;
				IPHONEOS_DEPLOYMENT_TARGET = 12.2;
				MTL_ENABLE_DEBUG_INFO = INCLUDE_SOURCE;
				MTL_FAST_MATH = YES;
				ONLY_ACTIVE_ARCH = YES;
				SDKROOT = iphoneos;
				SWIFT_ACTIVE_COMPILATION_CONDITIONS = DEBUG;
				SWIFT_OPTIMIZATION_LEVEL = "-Onone";
			};
			name = Debug;
		};
		6A14C5B522EAA2BF006EF89F /* Release */ = {
			isa = XCBuildConfiguration;
			buildSettings = {
				ALWAYS_SEARCH_USER_PATHS = NO;
				CLANG_ANALYZER_NONNULL = YES;
				CLANG_ANALYZER_NUMBER_OBJECT_CONVERSION = YES_AGGRESSIVE;
				CLANG_CXX_LANGUAGE_STANDARD = "gnu++14";
				CLANG_CXX_LIBRARY = "libc++";
				CLANG_ENABLE_MODULES = YES;
				CLANG_ENABLE_OBJC_ARC = YES;
				CLANG_ENABLE_OBJC_WEAK = YES;
				CLANG_WARN_BLOCK_CAPTURE_AUTORELEASING = YES;
				CLANG_WARN_BOOL_CONVERSION = YES;
				CLANG_WARN_COMMA = YES;
				CLANG_WARN_CONSTANT_CONVERSION = YES;
				CLANG_WARN_DEPRECATED_OBJC_IMPLEMENTATIONS = YES;
				CLANG_WARN_DIRECT_OBJC_ISA_USAGE = YES_ERROR;
				CLANG_WARN_DOCUMENTATION_COMMENTS = YES;
				CLANG_WARN_EMPTY_BODY = YES;
				CLANG_WARN_ENUM_CONVERSION = YES;
				CLANG_WARN_INFINITE_RECURSION = YES;
				CLANG_WARN_INT_CONVERSION = YES;
				CLANG_WARN_NON_LITERAL_NULL_CONVERSION = YES;
				CLANG_WARN_OBJC_IMPLICIT_RETAIN_SELF = YES;
				CLANG_WARN_OBJC_LITERAL_CONVERSION = YES;
				CLANG_WARN_OBJC_ROOT_CLASS = YES_ERROR;
				CLANG_WARN_RANGE_LOOP_ANALYSIS = YES;
				CLANG_WARN_STRICT_PROTOTYPES = YES;
				CLANG_WARN_SUSPICIOUS_MOVE = YES;
				CLANG_WARN_UNGUARDED_AVAILABILITY = YES_AGGRESSIVE;
				CLANG_WARN_UNREACHABLE_CODE = YES;
				CLANG_WARN__DUPLICATE_METHOD_MATCH = YES;
				CODE_SIGN_IDENTITY = "iPhone Developer";
				COPY_PHASE_STRIP = NO;
				DEBUG_INFORMATION_FORMAT = "dwarf-with-dsym";
				ENABLE_NS_ASSERTIONS = NO;
				ENABLE_STRICT_OBJC_MSGSEND = YES;
				GCC_C_LANGUAGE_STANDARD = gnu11;
				GCC_NO_COMMON_BLOCKS = YES;
				GCC_WARN_64_TO_32_BIT_CONVERSION = YES;
				GCC_WARN_ABOUT_RETURN_TYPE = YES_ERROR;
				GCC_WARN_UNDECLARED_SELECTOR = YES;
				GCC_WARN_UNINITIALIZED_AUTOS = YES_AGGRESSIVE;
				GCC_WARN_UNUSED_FUNCTION = YES;
				GCC_WARN_UNUSED_VARIABLE = YES;
				IPHONEOS_DEPLOYMENT_TARGET = 12.2;
				MTL_ENABLE_DEBUG_INFO = NO;
				MTL_FAST_MATH = YES;
				SDKROOT = iphoneos;
				SWIFT_COMPILATION_MODE = wholemodule;
				SWIFT_OPTIMIZATION_LEVEL = "-O";
				VALIDATE_PRODUCT = YES;
			};
			name = Release;
		};
		6A14C5B722EAA2BF006EF89F /* Debug */ = {
			isa = XCBuildConfiguration;
			baseConfigurationReference = 32F1C49E92F32385E9390B4E /* Pods-QQMusic.debug.xcconfig */;
			buildSettings = {
				ASSETCATALOG_COMPILER_APPICON_NAME = AppIcon;
				ASSETCATALOG_COMPILER_LAUNCHIMAGE_NAME = LaunchImage;
				CODE_SIGN_STYLE = Automatic;
				DEVELOPMENT_TEAM = 8JD3VFVV9F;
				INFOPLIST_FILE = QQMusic/Info.plist;
				IPHONEOS_DEPLOYMENT_TARGET = 8.0;
				LD_RUNPATH_SEARCH_PATHS = (
					"$(inherited)",
					"@executable_path/Frameworks",
				);
				PRODUCT_BUNDLE_IDENTIFIER = com.mz.QQMusic;
				PRODUCT_NAME = "$(TARGET_NAME)";
				SWIFT_VERSION = 5.0;
				TARGETED_DEVICE_FAMILY = 1;
			};
			name = Debug;
		};
		6A14C5B822EAA2BF006EF89F /* Release */ = {
			isa = XCBuildConfiguration;
			baseConfigurationReference = E7089AEE5A1F0BDEDFF68FE6 /* Pods-QQMusic.release.xcconfig */;
			buildSettings = {
				ASSETCATALOG_COMPILER_APPICON_NAME = AppIcon;
				ASSETCATALOG_COMPILER_LAUNCHIMAGE_NAME = LaunchImage;
				CODE_SIGN_STYLE = Automatic;
				DEVELOPMENT_TEAM = 8JD3VFVV9F;
				INFOPLIST_FILE = QQMusic/Info.plist;
				IPHONEOS_DEPLOYMENT_TARGET = 8.0;
				LD_RUNPATH_SEARCH_PATHS = (
					"$(inherited)",
					"@executable_path/Frameworks",
				);
				PRODUCT_BUNDLE_IDENTIFIER = com.mz.QQMusic;
				PRODUCT_NAME = "$(TARGET_NAME)";
				SWIFT_VERSION = 5.0;
				TARGETED_DEVICE_FAMILY = 1;
			};
			name = Release;
		};
/* End XCBuildConfiguration section */

/* Begin XCConfigurationList section */
		6A14C59F22EAA2BB006EF89F /* Build configuration list for PBXProject "QQMusic" */ = {
			isa = XCConfigurationList;
			buildConfigurations = (
				6A14C5B422EAA2BF006EF89F /* Debug */,
				6A14C5B522EAA2BF006EF89F /* Release */,
			);
			defaultConfigurationIsVisible = 0;
			defaultConfigurationName = Release;
		};
		6A14C5B622EAA2BF006EF89F /* Build configuration list for PBXNativeTarget "QQMusic" */ = {
			isa = XCConfigurationList;
			buildConfigurations = (
				6A14C5B722EAA2BF006EF89F /* Debug */,
				6A14C5B822EAA2BF006EF89F /* Release */,
			);
			defaultConfigurationIsVisible = 0;
			defaultConfigurationName = Release;
		};
/* End XCConfigurationList section */
	};
	rootObject = 6A14C59C22EAA2BB006EF89F /* Project object */;
}
